
Microsoft Visual Studio Solution File, Format Version 12.00
# Visual Studio 15
VisualStudioVersion = 15.0.26228.4
MinimumVisualStudioVersion = 10.0.40219.1
Project("{FAE04EC0-301F-11D3-BF4B-00C04F79EFBC}") = "SHOP_MVC", "SHOP_MVC\SHOP_MVC.csproj", "{71A248B7-42FC-485E-8A65-29A495748306}"
EndProject
Project("{FAE04EC0-301F-11D3-BF4B-00C04F79EFBC}") = "SHOP_MVC.Models", "SHOP_MVC.Models\SHOP_MVC.Models.csproj", "{9D3F5168-CEE3-472F-95D7-7844D93563CA}"
EndProject
Project("{FAE04EC0-301F-11D3-BF4B-00C04F79EFBC}") = "SHOP_MVC.DataLayer", "SHOP_MVC.DataLayer\SHOP_MVC.DataLayer.csproj", "{F7F1CA57-A954-41D9-86A3-E63523FC1289}"
EndProject
Project("{FAE04EC0-301F-11D3-BF4B-00C04F79EFBC}") = "SHOP_MVC.Services", "SHOP_MVC.Services\SHOP_MVC.Services.csproj", "{745072CC-0EDB-4EC0-A5FA-47C65C44F484}"
EndProject
Global
	GlobalSection(SolutionConfigurationPlatforms) = preSolution
		Debug|Any CPU = Debug|Any CPU
		Release|Any CPU = Release|Any CPU
	EndGlobalSection
	GlobalSection(ProjectConfigurationPlatforms) = postSolution
		{71A248B7-42FC-485E-8A65-29A495748306}.Debug|Any CPU.ActiveCfg = Debug|Any CPU
		{71A248B7-42FC-485E-8A65-29A495748306}.Debug|Any CPU.Build.0 = Debug|Any CPU
		{71A248B7-42FC-485E-8A65-29A495748306}.Release|Any CPU.ActiveCfg = Release|Any CPU
		{71A248B7-42FC-485E-8A65-29A495748306}.Release|Any CPU.Build.0 = Release|Any CPU
		{9D3F5168-CEE3-472F-95D7-7844D93563CA}.Debug|Any CPU.ActiveCfg = Debug|Any CPU
		{9D3F5168-CEE3-472F-95D7-7844D93563CA}.Debug|Any CPU.Build.0 = Debug|Any CPU
		{9D3F5168-CEE3-472F-95D7-7844D93563CA}.Release|Any CPU.ActiveCfg = Release|Any CPU
		{9D3F5168-CEE3-472F-95D7-7844D93563CA}.Release|Any CPU.Build.0 = Release|Any CPU
		{F7F1CA57-A954-41D9-86A3-E63523FC1289}.Debug|Any CPU.ActiveCfg = Debug|Any CPU
		{F7F1CA57-A954-41D9-86A3-E63523FC1289}.Debug|Any CPU.Build.0 = Debug|Any CPU
		{F7F1CA57-A954-41D9-86A3-E63523FC1289}.Release|Any CPU.ActiveCfg = Release|Any CPU
		{F7F1CA57-A954-41D9-86A3-E63523FC1289}.Release|Any CPU.Build.0 = Release|Any CPU
		{745072CC-0EDB-4EC0-A5FA-47C65C44F484}.Debug|Any CPU.ActiveCfg = Debug|Any CPU
		{745072CC-0EDB-4EC0-A5FA-47C65C44F484}.Debug|Any CPU.Build.0 = Debug|Any CPU
		{745072CC-0EDB-4EC0-A5FA-47C65C44F484}.Release|Any CPU.ActiveCfg = Release|Any CPU
		{745072CC-0EDB-4EC0-A5FA-47C65C44F484}.Release|Any CPU.Build.0 = Release|Any CPU
	EndGlobalSection
	GlobalSection(SolutionProperties) = preSolution
		HideSolutionNode = FALSE
	EndGlobalSection
EndGlobal
